// !$*UTF8*$!
{
	archiveVersion = 1;
	classes = {
	};
	objectVersion = 55;
	objects = {

/* Begin PBXBuildFile section */
		9663A5BD289D130E00E6ED8E /* Tests_iOS.swift in Sources */ = {isa = PBXBuildFile; fileRef = 9663A5BC289D130E00E6ED8E /* Tests_iOS.swift */; };
		9663A5BF289D130E00E6ED8E /* Tests_iOSLaunchTests.swift in Sources */ = {isa = PBXBuildFile; fileRef = 9663A5BE289D130E00E6ED8E /* Tests_iOSLaunchTests.swift */; };
		9663A5CC289D130E00E6ED8E /* PortfolioProjectApp.swift in Sources */ = {isa = PBXBuildFile; fileRef = 9663A5A4289D130B00E6ED8E /* PortfolioProjectApp.swift */; };
		9663A5CE289D130E00E6ED8E /* NewsView.swift in Sources */ = {isa = PBXBuildFile; fileRef = 9663A5A5289D130B00E6ED8E /* NewsView.swift */; };
		9663A5D0289D130E00E6ED8E /* Assets.xcassets in Resources */ = {isa = PBXBuildFile; fileRef = 9663A5A6289D130D00E6ED8E /* Assets.xcassets */; };
		966BB06728A121670069ECF6 /* API.swift in Sources */ = {isa = PBXBuildFile; fileRef = 966BB06628A121670069ECF6 /* API.swift */; };
		966BB06928A123190069ECF6 /* APIService.swift in Sources */ = {isa = PBXBuildFile; fileRef = 966BB06828A123190069ECF6 /* APIService.swift */; };
		966BB06B28A124E40069ECF6 /* AppError.swift in Sources */ = {isa = PBXBuildFile; fileRef = 966BB06A28A124E40069ECF6 /* AppError.swift */; };
		966BB06D28A125350069ECF6 /* APIService+News.swift in Sources */ = {isa = PBXBuildFile; fileRef = 966BB06C28A125350069ECF6 /* APIService+News.swift */; };
		966BB07028A128260069ECF6 /* NewModel.swift in Sources */ = {isa = PBXBuildFile; fileRef = 966BB06F28A128260069ECF6 /* NewModel.swift */; };
		966BB07328A12B370069ECF6 /* ObjectMapper in Frameworks */ = {isa = PBXBuildFile; productRef = 966BB07228A12B370069ECF6 /* ObjectMapper */; };
		966BB07628A134410069ECF6 /* NewsManager.swift in Sources */ = {isa = PBXBuildFile; fileRef = 966BB07528A134410069ECF6 /* NewsManager.swift */; };
		96F66B55289D16A300345118 /* Text+DesignSystem.swift in Sources */ = {isa = PBXBuildFile; fileRef = 96F66B54289D16A300345118 /* Text+DesignSystem.swift */; };
		96F66B57289D170600345118 /* Button+DesignSystem.swift in Sources */ = {isa = PBXBuildFile; fileRef = 96F66B56289D170600345118 /* Button+DesignSystem.swift */; };
		96F66B65289D7ED900345118 /* SnapshotHelper.swift in Sources */ = {isa = PBXBuildFile; fileRef = 96F66B64289D7ED900345118 /* SnapshotHelper.swift */; };
		96F66B6D289D7F1A00345118 /* PortfolioProjectUnitTest.swift in Sources */ = {isa = PBXBuildFile; fileRef = 96F66B6C289D7F1A00345118 /* PortfolioProjectUnitTest.swift */; };
		96F66B79289E401300345118 /* Localizable.strings in Resources */ = {isa = PBXBuildFile; fileRef = 96F66B7B289E401300345118 /* Localizable.strings */; };
/* End PBXBuildFile section */

/* Begin PBXContainerItemProxy section */
		9663A5B9289D130E00E6ED8E /* PBXContainerItemProxy */ = {
			isa = PBXContainerItemProxy;
			containerPortal = 9663A59F289D130B00E6ED8E /* Project object */;
			proxyType = 1;
			remoteGlobalIDString = 9663A5AA289D130E00E6ED8E;
			remoteInfo = "PortfolioProject (iOS)";
		};
		96F66B6E289D7F1A00345118 /* PBXContainerItemProxy */ = {
			isa = PBXContainerItemProxy;
			containerPortal = 9663A59F289D130B00E6ED8E /* Project object */;
			proxyType = 1;
			remoteGlobalIDString = 9663A5AA289D130E00E6ED8E;
			remoteInfo = "PortfolioProject (iOS)";
		};
/* End PBXContainerItemProxy section */

/* Begin PBXFileReference section */
		9663A5A4289D130B00E6ED8E /* PortfolioProjectApp.swift */ = {isa = PBXFileReference; lastKnownFileType = sourcecode.swift; path = PortfolioProjectApp.swift; sourceTree = "<group>"; };
		9663A5A5289D130B00E6ED8E /* NewsView.swift */ = {isa = PBXFileReference; lastKnownFileType = sourcecode.swift; path = NewsView.swift; sourceTree = "<group>"; };
		9663A5A6289D130D00E6ED8E /* Assets.xcassets */ = {isa = PBXFileReference; lastKnownFileType = folder.assetcatalog; path = Assets.xcassets; sourceTree = "<group>"; };
		9663A5AB289D130E00E6ED8E /* PortfolioProject.app */ = {isa = PBXFileReference; explicitFileType = wrapper.application; includeInIndex = 0; path = PortfolioProject.app; sourceTree = BUILT_PRODUCTS_DIR; };
		9663A5B8289D130E00E6ED8E /* Tests iOS.xctest */ = {isa = PBXFileReference; explicitFileType = wrapper.cfbundle; includeInIndex = 0; path = "Tests iOS.xctest"; sourceTree = BUILT_PRODUCTS_DIR; };
		9663A5BC289D130E00E6ED8E /* Tests_iOS.swift */ = {isa = PBXFileReference; lastKnownFileType = sourcecode.swift; path = Tests_iOS.swift; sourceTree = "<group>"; };
		9663A5BE289D130E00E6ED8E /* Tests_iOSLaunchTests.swift */ = {isa = PBXFileReference; lastKnownFileType = sourcecode.swift; path = Tests_iOSLaunchTests.swift; sourceTree = "<group>"; };
		966BB06628A121670069ECF6 /* API.swift */ = {isa = PBXFileReference; lastKnownFileType = sourcecode.swift; path = API.swift; sourceTree = "<group>"; };
		966BB06828A123190069ECF6 /* APIService.swift */ = {isa = PBXFileReference; lastKnownFileType = sourcecode.swift; path = APIService.swift; sourceTree = "<group>"; };
		966BB06A28A124E40069ECF6 /* AppError.swift */ = {isa = PBXFileReference; lastKnownFileType = sourcecode.swift; path = AppError.swift; sourceTree = "<group>"; };
		966BB06C28A125350069ECF6 /* APIService+News.swift */ = {isa = PBXFileReference; lastKnownFileType = sourcecode.swift; path = "APIService+News.swift"; sourceTree = "<group>"; };
		966BB06F28A128260069ECF6 /* NewModel.swift */ = {isa = PBXFileReference; lastKnownFileType = sourcecode.swift; path = NewModel.swift; sourceTree = "<group>"; };
		966BB07528A134410069ECF6 /* NewsManager.swift */ = {isa = PBXFileReference; lastKnownFileType = sourcecode.swift; path = NewsManager.swift; sourceTree = "<group>"; };
		96F66B54289D16A300345118 /* Text+DesignSystem.swift */ = {isa = PBXFileReference; lastKnownFileType = sourcecode.swift; path = "Text+DesignSystem.swift"; sourceTree = "<group>"; };
		96F66B56289D170600345118 /* Button+DesignSystem.swift */ = {isa = PBXFileReference; lastKnownFileType = sourcecode.swift; path = "Button+DesignSystem.swift"; sourceTree = "<group>"; };
		96F66B64289D7ED900345118 /* SnapshotHelper.swift */ = {isa = PBXFileReference; lastKnownFileType = sourcecode.swift; path = SnapshotHelper.swift; sourceTree = "<group>"; };
		96F66B6A289D7F1A00345118 /* PortfolioProjectUnitTest.xctest */ = {isa = PBXFileReference; explicitFileType = wrapper.cfbundle; includeInIndex = 0; path = PortfolioProjectUnitTest.xctest; sourceTree = BUILT_PRODUCTS_DIR; };
		96F66B6C289D7F1A00345118 /* PortfolioProjectUnitTest.swift */ = {isa = PBXFileReference; lastKnownFileType = sourcecode.swift; path = PortfolioProjectUnitTest.swift; sourceTree = "<group>"; };
		96F66B7A289E401300345118 /* en */ = {isa = PBXFileReference; lastKnownFileType = text.plist.strings; name = en; path = en.lproj/Localizable.strings; sourceTree = "<group>"; };
		96F66B7C289E409000345118 /* fr */ = {isa = PBXFileReference; lastKnownFileType = text.plist.strings; name = fr; path = fr.lproj/Localizable.strings; sourceTree = "<group>"; };
/* End PBXFileReference section */

/* Begin PBXFrameworksBuildPhase section */
		9663A5A8289D130E00E6ED8E /* Frameworks */ = {
			isa = PBXFrameworksBuildPhase;
			buildActionMask = 2147483647;
			files = (
				966BB07328A12B370069ECF6 /* ObjectMapper in Frameworks */,
			);
			runOnlyForDeploymentPostprocessing = 0;
		};
		9663A5B5289D130E00E6ED8E /* Frameworks */ = {
			isa = PBXFrameworksBuildPhase;
			buildActionMask = 2147483647;
			files = (
			);
			runOnlyForDeploymentPostprocessing = 0;
		};
		96F66B67289D7F1A00345118 /* Frameworks */ = {
			isa = PBXFrameworksBuildPhase;
			buildActionMask = 2147483647;
			files = (
			);
			runOnlyForDeploymentPostprocessing = 0;
		};
/* End PBXFrameworksBuildPhase section */

/* Begin PBXGroup section */
		9663A59E289D130B00E6ED8E = {
			isa = PBXGroup;
			children = (
				96F66B4A289D152300345118 /* App (Delegate) */,
				96F66B49289D151300345118 /* Functionnalities */,
				96F66B4B289D152F00345118 /* Singletons */,
				96F66B75289E3FCA00345118 /* Translations */,
				96F66B52289D159B00345118 /* Extensions */,
				9663A5A6289D130D00E6ED8E /* Assets.xcassets */,
				9663A5BB289D130E00E6ED8E /* UI Tests */,
				96F66B6B289D7F1A00345118 /* Units Test */,
				9663A5AC289D130E00E6ED8E /* Products */,
			);
			sourceTree = "<group>";
		};
		9663A5AC289D130E00E6ED8E /* Products */ = {
			isa = PBXGroup;
			children = (
				9663A5AB289D130E00E6ED8E /* PortfolioProject.app */,
				9663A5B8289D130E00E6ED8E /* Tests iOS.xctest */,
				96F66B6A289D7F1A00345118 /* PortfolioProjectUnitTest.xctest */,
			);
			name = Products;
			sourceTree = "<group>";
		};
		9663A5BB289D130E00E6ED8E /* UI Tests */ = {
			isa = PBXGroup;
			children = (
				9663A5BC289D130E00E6ED8E /* Tests_iOS.swift */,
				9663A5BE289D130E00E6ED8E /* Tests_iOSLaunchTests.swift */,
				96F66B64289D7ED900345118 /* SnapshotHelper.swift */,
			);
			path = "UI Tests";
			sourceTree = "<group>";
		};
		966BB06E28A127FE0069ECF6 /* News */ = {
			isa = PBXGroup;
			children = (
				9663A5A5289D130B00E6ED8E /* NewsView.swift */,
				966BB06F28A128260069ECF6 /* NewModel.swift */,
			);
			path = News;
			sourceTree = "<group>";
		};
		966BB07428A1341A0069ECF6 /* NewsManager */ = {
			isa = PBXGroup;
			children = (
				966BB07528A134410069ECF6 /* NewsManager.swift */,
			);
			path = NewsManager;
			sourceTree = "<group>";
		};
		96F66B49289D151300345118 /* Functionnalities */ = {
			isa = PBXGroup;
			children = (
				966BB06E28A127FE0069ECF6 /* News */,
			);
			path = Functionnalities;
			sourceTree = "<group>";
		};
		96F66B4A289D152300345118 /* App (Delegate) */ = {
			isa = PBXGroup;
			children = (
				9663A5A4289D130B00E6ED8E /* PortfolioProjectApp.swift */,
			);
			path = "App (Delegate)";
			sourceTree = "<group>";
		};
		96F66B4B289D152F00345118 /* Singletons */ = {
			isa = PBXGroup;
			children = (
				966BB07428A1341A0069ECF6 /* NewsManager */,
				96F66B51289D158100345118 /* InAppPurchase */,
				96F66B50289D156F00345118 /* KeychainAccess */,
				96F66B4F289D155D00345118 /* UserPreferences */,
				96F66B4E289D155000345118 /* LocalStorage */,
				96F66B4D289D154600345118 /* User */,
				96F66B4C289D153C00345118 /* Networking */,
			);
			path = Singletons;
			sourceTree = "<group>";
		};
		96F66B4C289D153C00345118 /* Networking */ = {
			isa = PBXGroup;
			children = (
				966BB06628A121670069ECF6 /* API.swift */,
				966BB06828A123190069ECF6 /* APIService.swift */,
				966BB06A28A124E40069ECF6 /* AppError.swift */,
				966BB06C28A125350069ECF6 /* APIService+News.swift */,
			);
			path = Networking;
			sourceTree = "<group>";
		};
		96F66B4D289D154600345118 /* User */ = {
			isa = PBXGroup;
			children = (
			);
			path = User;
			sourceTree = "<group>";
		};
		96F66B4E289D155000345118 /* LocalStorage */ = {
			isa = PBXGroup;
			children = (
			);
			path = LocalStorage;
			sourceTree = "<group>";
		};
		96F66B4F289D155D00345118 /* UserPreferences */ = {
			isa = PBXGroup;
			children = (
			);
			path = UserPreferences;
			sourceTree = "<group>";
		};
		96F66B50289D156F00345118 /* KeychainAccess */ = {
			isa = PBXGroup;
			children = (
			);
			path = KeychainAccess;
			sourceTree = "<group>";
		};
		96F66B51289D158100345118 /* InAppPurchase */ = {
			isa = PBXGroup;
			children = (
			);
			path = InAppPurchase;
			sourceTree = "<group>";
		};
		96F66B52289D159B00345118 /* Extensions */ = {
			isa = PBXGroup;
			children = (
				96F66B53289D15A500345118 /* Design System */,
			);
			path = Extensions;
			sourceTree = "<group>";
		};
		96F66B53289D15A500345118 /* Design System */ = {
			isa = PBXGroup;
			children = (
				96F66B54289D16A300345118 /* Text+DesignSystem.swift */,
				96F66B56289D170600345118 /* Button+DesignSystem.swift */,
			);
			path = "Design System";
			sourceTree = "<group>";
		};
		96F66B6B289D7F1A00345118 /* Units Test */ = {
			isa = PBXGroup;
			children = (
				96F66B6C289D7F1A00345118 /* PortfolioProjectUnitTest.swift */,
			);
			path = "Units Test";
			sourceTree = "<group>";
		};
		96F66B75289E3FCA00345118 /* Translations */ = {
			isa = PBXGroup;
			children = (
				96F66B7B289E401300345118 /* Localizable.strings */,
			);
			path = Translations;
			sourceTree = "<group>";
		};
/* End PBXGroup section */

/* Begin PBXNativeTarget section */
		9663A5AA289D130E00E6ED8E /* PortfolioProject (iOS) */ = {
			isa = PBXNativeTarget;
			buildConfigurationList = 9663A5D4289D130E00E6ED8E /* Build configuration list for PBXNativeTarget "PortfolioProject (iOS)" */;
			buildPhases = (
				9663A5A7289D130E00E6ED8E /* Sources */,
				9663A5A8289D130E00E6ED8E /* Frameworks */,
				9663A5A9289D130E00E6ED8E /* Resources */,
			);
			buildRules = (
			);
			dependencies = (
			);
			name = "PortfolioProject (iOS)";
			packageProductDependencies = (
				966BB07228A12B370069ECF6 /* ObjectMapper */,
			);
			productName = "PortfolioProject (iOS)";
			productReference = 9663A5AB289D130E00E6ED8E /* PortfolioProject.app */;
			productType = "com.apple.product-type.application";
		};
		9663A5B7289D130E00E6ED8E /* Tests iOS */ = {
			isa = PBXNativeTarget;
			buildConfigurationList = 9663A5DA289D130E00E6ED8E /* Build configuration list for PBXNativeTarget "Tests iOS" */;
			buildPhases = (
				9663A5B4289D130E00E6ED8E /* Sources */,
				9663A5B5289D130E00E6ED8E /* Frameworks */,
				9663A5B6289D130E00E6ED8E /* Resources */,
			);
			buildRules = (
			);
			dependencies = (
				9663A5BA289D130E00E6ED8E /* PBXTargetDependency */,
			);
			name = "Tests iOS";
			productName = "Tests iOS";
			productReference = 9663A5B8289D130E00E6ED8E /* Tests iOS.xctest */;
			productType = "com.apple.product-type.bundle.ui-testing";
		};
		96F66B69289D7F1A00345118 /* PortfolioProjectUnitTest */ = {
			isa = PBXNativeTarget;
			buildConfigurationList = 96F66B70289D7F1A00345118 /* Build configuration list for PBXNativeTarget "PortfolioProjectUnitTest" */;
			buildPhases = (
				96F66B66289D7F1A00345118 /* Sources */,
				96F66B67289D7F1A00345118 /* Frameworks */,
				96F66B68289D7F1A00345118 /* Resources */,
			);
			buildRules = (
			);
			dependencies = (
				96F66B6F289D7F1A00345118 /* PBXTargetDependency */,
			);
			name = PortfolioProjectUnitTest;
			productName = PortfolioProjectUnitTest;
			productReference = 96F66B6A289D7F1A00345118 /* PortfolioProjectUnitTest.xctest */;
			productType = "com.apple.product-type.bundle.unit-test";
		};
/* End PBXNativeTarget section */

/* Begin PBXProject section */
		9663A59F289D130B00E6ED8E /* Project object */ = {
			isa = PBXProject;
			attributes = {
				BuildIndependentTargetsInParallel = 1;
				LastSwiftUpdateCheck = 1340;
				LastUpgradeCheck = 1340;
				TargetAttributes = {
					9663A5AA289D130E00E6ED8E = {
						CreatedOnToolsVersion = 13.4.1;
					};
					9663A5B7289D130E00E6ED8E = {
						CreatedOnToolsVersion = 13.4.1;
						TestTargetID = 9663A5AA289D130E00E6ED8E;
					};
					96F66B69289D7F1A00345118 = {
						CreatedOnToolsVersion = 13.4.1;
						TestTargetID = 9663A5AA289D130E00E6ED8E;
					};
				};
			};
			buildConfigurationList = 9663A5A2289D130B00E6ED8E /* Build configuration list for PBXProject "PortfolioProject" */;
			compatibilityVersion = "Xcode 13.0";
			developmentRegion = en;
			hasScannedForEncodings = 0;
			knownRegions = (
				en,
				Base,
				fr,
			);
			mainGroup = 9663A59E289D130B00E6ED8E;
			packageReferences = (
				966BB07128A12B370069ECF6 /* XCRemoteSwiftPackageReference "ObjectMapper" */,
			);
			productRefGroup = 9663A5AC289D130E00E6ED8E /* Products */;
			projectDirPath = "";
			projectRoot = "";
			targets = (
				9663A5AA289D130E00E6ED8E /* PortfolioProject (iOS) */,
				9663A5B7289D130E00E6ED8E /* Tests iOS */,
				96F66B69289D7F1A00345118 /* PortfolioProjectUnitTest */,
			);
		};
/* End PBXProject section */

/* Begin PBXResourcesBuildPhase section */
		9663A5A9289D130E00E6ED8E /* Resources */ = {
			isa = PBXResourcesBuildPhase;
			buildActionMask = 2147483647;
			files = (
				9663A5D0289D130E00E6ED8E /* Assets.xcassets in Resources */,
				96F66B79289E401300345118 /* Localizable.strings in Resources */,
			);
			runOnlyForDeploymentPostprocessing = 0;
		};
		9663A5B6289D130E00E6ED8E /* Resources */ = {
			isa = PBXResourcesBuildPhase;
			buildActionMask = 2147483647;
			files = (
			);
			runOnlyForDeploymentPostprocessing = 0;
		};
		96F66B68289D7F1A00345118 /* Resources */ = {
			isa = PBXResourcesBuildPhase;
			buildActionMask = 2147483647;
			files = (
			);
			runOnlyForDeploymentPostprocessing = 0;
		};
/* End PBXResourcesBuildPhase section */

/* Begin PBXSourcesBuildPhase section */
		9663A5A7289D130E00E6ED8E /* Sources */ = {
			isa = PBXSourcesBuildPhase;
			buildActionMask = 2147483647;
			files = (
				9663A5CE289D130E00E6ED8E /* NewsView.swift in Sources */,
				9663A5CC289D130E00E6ED8E /* PortfolioProjectApp.swift in Sources */,
				966BB07628A134410069ECF6 /* NewsManager.swift in Sources */,
				96F66B57289D170600345118 /* Button+DesignSystem.swift in Sources */,
				966BB06D28A125350069ECF6 /* APIService+News.swift in Sources */,
				966BB07028A128260069ECF6 /* NewModel.swift in Sources */,
				96F66B55289D16A300345118 /* Text+DesignSystem.swift in Sources */,
				966BB06928A123190069ECF6 /* APIService.swift in Sources */,
				966BB06728A121670069ECF6 /* API.swift in Sources */,
				966BB06B28A124E40069ECF6 /* AppError.swift in Sources */,
			);
			runOnlyForDeploymentPostprocessing = 0;
		};
		9663A5B4289D130E00E6ED8E /* Sources */ = {
			isa = PBXSourcesBuildPhase;
			buildActionMask = 2147483647;
			files = (
				9663A5BF289D130E00E6ED8E /* Tests_iOSLaunchTests.swift in Sources */,
				9663A5BD289D130E00E6ED8E /* Tests_iOS.swift in Sources */,
				96F66B65289D7ED900345118 /* SnapshotHelper.swift in Sources */,
			);
			runOnlyForDeploymentPostprocessing = 0;
		};
		96F66B66289D7F1A00345118 /* Sources */ = {
			isa = PBXSourcesBuildPhase;
			buildActionMask = 2147483647;
			files = (
				96F66B6D289D7F1A00345118 /* PortfolioProjectUnitTest.swift in Sources */,
			);
			runOnlyForDeploymentPostprocessing = 0;
		};
/* End PBXSourcesBuildPhase section */

/* Begin PBXTargetDependency section */
		9663A5BA289D130E00E6ED8E /* PBXTargetDependency */ = {
			isa = PBXTargetDependency;
			target = 9663A5AA289D130E00E6ED8E /* PortfolioProject (iOS) */;
			targetProxy = 9663A5B9289D130E00E6ED8E /* PBXContainerItemProxy */;
		};
		96F66B6F289D7F1A00345118 /* PBXTargetDependency */ = {
			isa = PBXTargetDependency;
			target = 9663A5AA289D130E00E6ED8E /* PortfolioProject (iOS) */;
			targetProxy = 96F66B6E289D7F1A00345118 /* PBXContainerItemProxy */;
		};
/* End PBXTargetDependency section */

/* Begin PBXVariantGroup section */
		96F66B7B289E401300345118 /* Localizable.strings */ = {
			isa = PBXVariantGroup;
			children = (
				96F66B7A289E401300345118 /* en */,
				96F66B7C289E409000345118 /* fr */,
			);
			name = Localizable.strings;
			sourceTree = "<group>";
		};
/* End PBXVariantGroup section */

/* Begin XCBuildConfiguration section */
		96F66B58289D1A7A00345118 /* Dev */ = {
			isa = XCBuildConfiguration;
			buildSettings = {
				ALWAYS_SEARCH_USER_PATHS = NO;
				CLANG_ANALYZER_LOCALIZABILITY_NONLOCALIZED = YES;
				CLANG_ANALYZER_NONNULL = YES;
				CLANG_ANALYZER_NUMBER_OBJECT_CONVERSION = YES_AGGRESSIVE;
				CLANG_CXX_LANGUAGE_STANDARD = "gnu++17";
				CLANG_ENABLE_MODULES = YES;
				CLANG_ENABLE_OBJC_ARC = YES;
				CLANG_ENABLE_OBJC_WEAK = YES;
				CLANG_WARN_BLOCK_CAPTURE_AUTORELEASING = YES;
				CLANG_WARN_BOOL_CONVERSION = YES;
				CLANG_WARN_COMMA = YES;
				CLANG_WARN_CONSTANT_CONVERSION = YES;
				CLANG_WARN_DEPRECATED_OBJC_IMPLEMENTATIONS = YES;
				CLANG_WARN_DIRECT_OBJC_ISA_USAGE = YES_ERROR;
				CLANG_WARN_DOCUMENTATION_COMMENTS = YES;
				CLANG_WARN_EMPTY_BODY = YES;
				CLANG_WARN_ENUM_CONVERSION = YES;
				CLANG_WARN_INFINITE_RECURSION = YES;
				CLANG_WARN_INT_CONVERSION = YES;
				CLANG_WARN_NON_LITERAL_NULL_CONVERSION = YES;
				CLANG_WARN_OBJC_IMPLICIT_RETAIN_SELF = YES;
				CLANG_WARN_OBJC_LITERAL_CONVERSION = YES;
				CLANG_WARN_OBJC_ROOT_CLASS = YES_ERROR;
				CLANG_WARN_QUOTED_INCLUDE_IN_FRAMEWORK_HEADER = YES;
				CLANG_WARN_RANGE_LOOP_ANALYSIS = YES;
				CLANG_WARN_STRICT_PROTOTYPES = YES;
				CLANG_WARN_SUSPICIOUS_MOVE = YES;
				CLANG_WARN_UNGUARDED_AVAILABILITY = YES_AGGRESSIVE;
				CLANG_WARN_UNREACHABLE_CODE = YES;
				CLANG_WARN__DUPLICATE_METHOD_MATCH = YES;
				COPY_PHASE_STRIP = NO;
				DEBUG_INFORMATION_FORMAT = dwarf;
				ENABLE_STRICT_OBJC_MSGSEND = YES;
				ENABLE_TESTABILITY = YES;
				GCC_C_LANGUAGE_STANDARD = gnu11;
				GCC_DYNAMIC_NO_PIC = NO;
				GCC_NO_COMMON_BLOCKS = YES;
				GCC_OPTIMIZATION_LEVEL = 0;
				GCC_PREPROCESSOR_DEFINITIONS = (
					"DEBUG=1",
					"$(inherited)",
				);
				GCC_WARN_64_TO_32_BIT_CONVERSION = YES;
				GCC_WARN_ABOUT_RETURN_TYPE = YES_ERROR;
				GCC_WARN_UNDECLARED_SELECTOR = YES;
				GCC_WARN_UNINITIALIZED_AUTOS = YES_AGGRESSIVE;
				GCC_WARN_UNUSED_FUNCTION = YES;
				GCC_WARN_UNUSED_VARIABLE = YES;
				MTL_ENABLE_DEBUG_INFO = INCLUDE_SOURCE;
				MTL_FAST_MATH = YES;
				ONLY_ACTIVE_ARCH = YES;
				SWIFT_ACTIVE_COMPILATION_CONDITIONS = DEBUG;
				SWIFT_OPTIMIZATION_LEVEL = "-Onone";
			};
			name = Dev;
		};
		96F66B59289D1A7A00345118 /* Dev */ = {
			isa = XCBuildConfiguration;
			buildSettings = {
				ASSETCATALOG_COMPILER_APPICON_NAME = AppIcon;
				ASSETCATALOG_COMPILER_GLOBAL_ACCENT_COLOR_NAME = AccentColor;
				CODE_SIGN_STYLE = Automatic;
				CURRENT_PROJECT_VERSION = 1;
				DEVELOPMENT_TEAM = "";
				ENABLE_PREVIEWS = YES;
				GENERATE_INFOPLIST_FILE = YES;
				INFOPLIST_KEY_CFBundleDisplayName = "Test DEV";
				INFOPLIST_KEY_UIApplicationSceneManifest_Generation = YES;
				INFOPLIST_KEY_UIApplicationSupportsIndirectInputEvents = YES;
				INFOPLIST_KEY_UILaunchScreen_Generation = YES;
				INFOPLIST_KEY_UISupportedInterfaceOrientations_iPad = "UIInterfaceOrientationPortrait UIInterfaceOrientationPortraitUpsideDown UIInterfaceOrientationLandscapeLeft UIInterfaceOrientationLandscapeRight";
				INFOPLIST_KEY_UISupportedInterfaceOrientations_iPhone = "UIInterfaceOrientationPortrait UIInterfaceOrientationLandscapeLeft UIInterfaceOrientationLandscapeRight";
				IPHONEOS_DEPLOYMENT_TARGET = 15.5;
				LD_RUNPATH_SEARCH_PATHS = (
					"$(inherited)",
					"@executable_path/Frameworks",
				);
				MARKETING_VERSION = 1.0;
				PRODUCT_BUNDLE_IDENTIFIER = com.TestSS2i.PortfolioProject.dev;
				PRODUCT_NAME = PortfolioProject;
				SDKROOT = iphoneos;
				SWIFT_EMIT_LOC_STRINGS = YES;
				SWIFT_VERSION = 5.0;
				TARGETED_DEVICE_FAMILY = "1,2";
			};
			name = Dev;
		};
		96F66B5A289D1A7A00345118 /* Dev */ = {
			isa = XCBuildConfiguration;
			buildSettings = {
				ALWAYS_EMBED_SWIFT_STANDARD_LIBRARIES = YES;
				CODE_SIGN_STYLE = Automatic;
				CURRENT_PROJECT_VERSION = 1;
				DEVELOPMENT_TEAM = M5GWR75AFZ;
				GENERATE_INFOPLIST_FILE = YES;
				IPHONEOS_DEPLOYMENT_TARGET = 15.5;
				MARKETING_VERSION = 1.0;
				PRODUCT_BUNDLE_IDENTIFIER = "com.TestSS2i.Tests-iOS";
				PRODUCT_NAME = "$(TARGET_NAME)";
				SDKROOT = iphoneos;
				SWIFT_EMIT_LOC_STRINGS = NO;
				SWIFT_VERSION = 5.0;
				TARGETED_DEVICE_FAMILY = "1,2";
				TEST_TARGET_NAME = "PortfolioProject (iOS)";
			};
			name = Dev;
		};
		96F66B5E289D1AA100345118 /* Prod */ = {
			isa = XCBuildConfiguration;
			buildSettings = {
				ALWAYS_SEARCH_USER_PATHS = NO;
				CLANG_ANALYZER_LOCALIZABILITY_NONLOCALIZED = YES;
				CLANG_ANALYZER_NONNULL = YES;
				CLANG_ANALYZER_NUMBER_OBJECT_CONVERSION = YES_AGGRESSIVE;
				CLANG_CXX_LANGUAGE_STANDARD = "gnu++17";
				CLANG_ENABLE_MODULES = YES;
				CLANG_ENABLE_OBJC_ARC = YES;
				CLANG_ENABLE_OBJC_WEAK = YES;
				CLANG_WARN_BLOCK_CAPTURE_AUTORELEASING = YES;
				CLANG_WARN_BOOL_CONVERSION = YES;
				CLANG_WARN_COMMA = YES;
				CLANG_WARN_CONSTANT_CONVERSION = YES;
				CLANG_WARN_DEPRECATED_OBJC_IMPLEMENTATIONS = YES;
				CLANG_WARN_DIRECT_OBJC_ISA_USAGE = YES_ERROR;
				CLANG_WARN_DOCUMENTATION_COMMENTS = YES;
				CLANG_WARN_EMPTY_BODY = YES;
				CLANG_WARN_ENUM_CONVERSION = YES;
				CLANG_WARN_INFINITE_RECURSION = YES;
				CLANG_WARN_INT_CONVERSION = YES;
				CLANG_WARN_NON_LITERAL_NULL_CONVERSION = YES;
				CLANG_WARN_OBJC_IMPLICIT_RETAIN_SELF = YES;
				CLANG_WARN_OBJC_LITERAL_CONVERSION = YES;
				CLANG_WARN_OBJC_ROOT_CLASS = YES_ERROR;
				CLANG_WARN_QUOTED_INCLUDE_IN_FRAMEWORK_HEADER = YES;
				CLANG_WARN_RANGE_LOOP_ANALYSIS = YES;
				CLANG_WARN_STRICT_PROTOTYPES = YES;
				CLANG_WARN_SUSPICIOUS_MOVE = YES;
				CLANG_WARN_UNGUARDED_AVAILABILITY = YES_AGGRESSIVE;
				CLANG_WARN_UNREACHABLE_CODE = YES;
				CLANG_WARN__DUPLICATE_METHOD_MATCH = YES;
				COPY_PHASE_STRIP = NO;
				DEBUG_INFORMATION_FORMAT = "dwarf-with-dsym";
				ENABLE_NS_ASSERTIONS = NO;
				ENABLE_STRICT_OBJC_MSGSEND = YES;
				GCC_C_LANGUAGE_STANDARD = gnu11;
				GCC_NO_COMMON_BLOCKS = YES;
				GCC_WARN_64_TO_32_BIT_CONVERSION = YES;
				GCC_WARN_ABOUT_RETURN_TYPE = YES_ERROR;
				GCC_WARN_UNDECLARED_SELECTOR = YES;
				GCC_WARN_UNINITIALIZED_AUTOS = YES_AGGRESSIVE;
				GCC_WARN_UNUSED_FUNCTION = YES;
				GCC_WARN_UNUSED_VARIABLE = YES;
				MTL_ENABLE_DEBUG_INFO = NO;
				MTL_FAST_MATH = YES;
				SWIFT_COMPILATION_MODE = wholemodule;
				SWIFT_OPTIMIZATION_LEVEL = "-O";
			};
			name = Prod;
		};
		96F66B5F289D1AA100345118 /* Prod */ = {
			isa = XCBuildConfiguration;
			buildSettings = {
				ASSETCATALOG_COMPILER_APPICON_NAME = AppIcon;
				ASSETCATALOG_COMPILER_GLOBAL_ACCENT_COLOR_NAME = AccentColor;
				CODE_SIGN_STYLE = Automatic;
				CURRENT_PROJECT_VERSION = 1;
				DEVELOPMENT_TEAM = M5GWR75AFZ;
				ENABLE_PREVIEWS = YES;
				GENERATE_INFOPLIST_FILE = YES;
				INFOPLIST_KEY_CFBundleDisplayName = "Test PROD";
				INFOPLIST_KEY_UIApplicationSceneManifest_Generation = YES;
				INFOPLIST_KEY_UIApplicationSupportsIndirectInputEvents = YES;
				INFOPLIST_KEY_UILaunchScreen_Generation = YES;
				INFOPLIST_KEY_UISupportedInterfaceOrientations_iPad = "UIInterfaceOrientationPortrait UIInterfaceOrientationPortraitUpsideDown UIInterfaceOrientationLandscapeLeft UIInterfaceOrientationLandscapeRight";
				INFOPLIST_KEY_UISupportedInterfaceOrientations_iPhone = "UIInterfaceOrientationPortrait UIInterfaceOrientationLandscapeLeft UIInterfaceOrientationLandscapeRight";
				IPHONEOS_DEPLOYMENT_TARGET = 15.5;
				LD_RUNPATH_SEARCH_PATHS = (
					"$(inherited)",
					"@executable_path/Frameworks",
				);
				MARKETING_VERSION = 1.0;
				PRODUCT_BUNDLE_IDENTIFIER = com.TestSS2i.PortfolioProject.prod;
				PRODUCT_NAME = PortfolioProject;
				SDKROOT = iphoneos;
				SWIFT_EMIT_LOC_STRINGS = YES;
				SWIFT_VERSION = 5.0;
				TARGETED_DEVICE_FAMILY = "1,2";
				VALIDATE_PRODUCT = YES;
			};
			name = Prod;
		};
		96F66B60289D1AA100345118 /* Prod */ = {
			isa = XCBuildConfiguration;
			buildSettings = {
				ALWAYS_EMBED_SWIFT_STANDARD_LIBRARIES = YES;
				CODE_SIGN_STYLE = Automatic;
				CURRENT_PROJECT_VERSION = 1;
				DEVELOPMENT_TEAM = M5GWR75AFZ;
				GENERATE_INFOPLIST_FILE = YES;
				IPHONEOS_DEPLOYMENT_TARGET = 15.5;
				MARKETING_VERSION = 1.0;
				PRODUCT_BUNDLE_IDENTIFIER = "com.TestSS2i.Tests-iOS";
				PRODUCT_NAME = "$(TARGET_NAME)";
				SDKROOT = iphoneos;
				SWIFT_EMIT_LOC_STRINGS = NO;
				SWIFT_VERSION = 5.0;
				TARGETED_DEVICE_FAMILY = "1,2";
				TEST_TARGET_NAME = "PortfolioProject (iOS)";
				VALIDATE_PRODUCT = YES;
			};
			name = Prod;
		};
		96F66B61289D1ABC00345118 /* Int */ = {
			isa = XCBuildConfiguration;
			buildSettings = {
				ALWAYS_SEARCH_USER_PATHS = NO;
				CLANG_ANALYZER_LOCALIZABILITY_NONLOCALIZED = YES;
				CLANG_ANALYZER_NONNULL = YES;
				CLANG_ANALYZER_NUMBER_OBJECT_CONVERSION = YES_AGGRESSIVE;
				CLANG_CXX_LANGUAGE_STANDARD = "gnu++17";
				CLANG_ENABLE_MODULES = YES;
				CLANG_ENABLE_OBJC_ARC = YES;
				CLANG_ENABLE_OBJC_WEAK = YES;
				CLANG_WARN_BLOCK_CAPTURE_AUTORELEASING = YES;
				CLANG_WARN_BOOL_CONVERSION = YES;
				CLANG_WARN_COMMA = YES;
				CLANG_WARN_CONSTANT_CONVERSION = YES;
				CLANG_WARN_DEPRECATED_OBJC_IMPLEMENTATIONS = YES;
				CLANG_WARN_DIRECT_OBJC_ISA_USAGE = YES_ERROR;
				CLANG_WARN_DOCUMENTATION_COMMENTS = YES;
				CLANG_WARN_EMPTY_BODY = YES;
				CLANG_WARN_ENUM_CONVERSION = YES;
				CLANG_WARN_INFINITE_RECURSION = YES;
				CLANG_WARN_INT_CONVERSION = YES;
				CLANG_WARN_NON_LITERAL_NULL_CONVERSION = YES;
				CLANG_WARN_OBJC_IMPLICIT_RETAIN_SELF = YES;
				CLANG_WARN_OBJC_LITERAL_CONVERSION = YES;
				CLANG_WARN_OBJC_ROOT_CLASS = YES_ERROR;
				CLANG_WARN_QUOTED_INCLUDE_IN_FRAMEWORK_HEADER = YES;
				CLANG_WARN_RANGE_LOOP_ANALYSIS = YES;
				CLANG_WARN_STRICT_PROTOTYPES = YES;
				CLANG_WARN_SUSPICIOUS_MOVE = YES;
				CLANG_WARN_UNGUARDED_AVAILABILITY = YES_AGGRESSIVE;
				CLANG_WARN_UNREACHABLE_CODE = YES;
				CLANG_WARN__DUPLICATE_METHOD_MATCH = YES;
				COPY_PHASE_STRIP = NO;
				DEBUG_INFORMATION_FORMAT = dwarf;
				ENABLE_STRICT_OBJC_MSGSEND = YES;
				ENABLE_TESTABILITY = YES;
				GCC_C_LANGUAGE_STANDARD = gnu11;
				GCC_DYNAMIC_NO_PIC = NO;
				GCC_NO_COMMON_BLOCKS = YES;
				GCC_OPTIMIZATION_LEVEL = 0;
				GCC_PREPROCESSOR_DEFINITIONS = (
					"DEBUG=1",
					"$(inherited)",
				);
				GCC_WARN_64_TO_32_BIT_CONVERSION = YES;
				GCC_WARN_ABOUT_RETURN_TYPE = YES_ERROR;
				GCC_WARN_UNDECLARED_SELECTOR = YES;
				GCC_WARN_UNINITIALIZED_AUTOS = YES_AGGRESSIVE;
				GCC_WARN_UNUSED_FUNCTION = YES;
				GCC_WARN_UNUSED_VARIABLE = YES;
				MTL_ENABLE_DEBUG_INFO = INCLUDE_SOURCE;
				MTL_FAST_MATH = YES;
				ONLY_ACTIVE_ARCH = YES;
				SWIFT_ACTIVE_COMPILATION_CONDITIONS = DEBUG;
				SWIFT_OPTIMIZATION_LEVEL = "-Onone";
			};
			name = Int;
		};
		96F66B62289D1ABC00345118 /* Int */ = {
			isa = XCBuildConfiguration;
			buildSettings = {
				ASSETCATALOG_COMPILER_APPICON_NAME = AppIcon;
				ASSETCATALOG_COMPILER_GLOBAL_ACCENT_COLOR_NAME = AccentColor;
				CODE_SIGN_STYLE = Automatic;
				CURRENT_PROJECT_VERSION = 1;
				DEVELOPMENT_TEAM = M5GWR75AFZ;
				ENABLE_PREVIEWS = YES;
				GENERATE_INFOPLIST_FILE = YES;
				INFOPLIST_KEY_CFBundleDisplayName = "Test INT";
				INFOPLIST_KEY_UIApplicationSceneManifest_Generation = YES;
				INFOPLIST_KEY_UIApplicationSupportsIndirectInputEvents = YES;
				INFOPLIST_KEY_UILaunchScreen_Generation = YES;
				INFOPLIST_KEY_UISupportedInterfaceOrientations_iPad = "UIInterfaceOrientationPortrait UIInterfaceOrientationPortraitUpsideDown UIInterfaceOrientationLandscapeLeft UIInterfaceOrientationLandscapeRight";
				INFOPLIST_KEY_UISupportedInterfaceOrientations_iPhone = "UIInterfaceOrientationPortrait UIInterfaceOrientationLandscapeLeft UIInterfaceOrientationLandscapeRight";
				IPHONEOS_DEPLOYMENT_TARGET = 15.5;
				LD_RUNPATH_SEARCH_PATHS = (
					"$(inherited)",
					"@executable_path/Frameworks",
				);
				MARKETING_VERSION = 1.0;
				PRODUCT_BUNDLE_IDENTIFIER = com.TestSS2i.PortfolioProject.int;
				PRODUCT_NAME = PortfolioProject;
				SDKROOT = iphoneos;
				SWIFT_EMIT_LOC_STRINGS = YES;
				SWIFT_VERSION = 5.0;
				TARGETED_DEVICE_FAMILY = "1,2";
			};
			name = Int;
		};
		96F66B63289D1ABC00345118 /* Int */ = {
			isa = XCBuildConfiguration;
			buildSettings = {
				ALWAYS_EMBED_SWIFT_STANDARD_LIBRARIES = YES;
				CODE_SIGN_STYLE = Automatic;
				CURRENT_PROJECT_VERSION = 1;
				DEVELOPMENT_TEAM = M5GWR75AFZ;
				GENERATE_INFOPLIST_FILE = YES;
				IPHONEOS_DEPLOYMENT_TARGET = 15.5;
				MARKETING_VERSION = 1.0;
				PRODUCT_BUNDLE_IDENTIFIER = "com.TestSS2i.Tests-iOS";
				PRODUCT_NAME = "$(TARGET_NAME)";
				SDKROOT = iphoneos;
				SWIFT_EMIT_LOC_STRINGS = NO;
				SWIFT_VERSION = 5.0;
				TARGETED_DEVICE_FAMILY = "1,2";
				TEST_TARGET_NAME = "PortfolioProject (iOS)";
			};
			name = Int;
		};
		96F66B71289D7F1A00345118 /* Dev */ = {
			isa = XCBuildConfiguration;
			buildSettings = {
				ALWAYS_SEARCH_USER_PATHS = NO;
				BUNDLE_LOADER = "$(TEST_HOST)";
				CLANG_ANALYZER_NONNULL = YES;
				CLANG_ANALYZER_NUMBER_OBJECT_CONVERSION = YES_AGGRESSIVE;
				CLANG_CXX_LANGUAGE_STANDARD = "gnu++17";
				CLANG_ENABLE_MODULES = YES;
				CLANG_ENABLE_OBJC_ARC = YES;
				CLANG_ENABLE_OBJC_WEAK = YES;
				CLANG_WARN_BLOCK_CAPTURE_AUTORELEASING = YES;
				CLANG_WARN_BOOL_CONVERSION = YES;
				CLANG_WARN_COMMA = YES;
				CLANG_WARN_CONSTANT_CONVERSION = YES;
				CLANG_WARN_DEPRECATED_OBJC_IMPLEMENTATIONS = YES;
				CLANG_WARN_DIRECT_OBJC_ISA_USAGE = YES_ERROR;
				CLANG_WARN_DOCUMENTATION_COMMENTS = YES;
				CLANG_WARN_EMPTY_BODY = YES;
				CLANG_WARN_ENUM_CONVERSION = YES;
				CLANG_WARN_INFINITE_RECURSION = YES;
				CLANG_WARN_INT_CONVERSION = YES;
				CLANG_WARN_NON_LITERAL_NULL_CONVERSION = YES;
				CLANG_WARN_OBJC_IMPLICIT_RETAIN_SELF = YES;
				CLANG_WARN_OBJC_LITERAL_CONVERSION = YES;
				CLANG_WARN_OBJC_ROOT_CLASS = YES_ERROR;
				CLANG_WARN_QUOTED_INCLUDE_IN_FRAMEWORK_HEADER = YES;
				CLANG_WARN_RANGE_LOOP_ANALYSIS = YES;
				CLANG_WARN_STRICT_PROTOTYPES = YES;
				CLANG_WARN_SUSPICIOUS_MOVE = YES;
				CLANG_WARN_UNGUARDED_AVAILABILITY = YES_AGGRESSIVE;
				CLANG_WARN_UNREACHABLE_CODE = YES;
				CLANG_WARN__DUPLICATE_METHOD_MATCH = YES;
				CODE_SIGN_STYLE = Automatic;
				COPY_PHASE_STRIP = NO;
				CURRENT_PROJECT_VERSION = 1;
				DEBUG_INFORMATION_FORMAT = dwarf;
				DEVELOPMENT_TEAM = M5GWR75AFZ;
				ENABLE_STRICT_OBJC_MSGSEND = YES;
				ENABLE_TESTABILITY = YES;
				GCC_C_LANGUAGE_STANDARD = gnu11;
				GCC_DYNAMIC_NO_PIC = NO;
				GCC_NO_COMMON_BLOCKS = YES;
				GCC_OPTIMIZATION_LEVEL = 0;
				GCC_PREPROCESSOR_DEFINITIONS = (
					"DEBUG=1",
					"$(inherited)",
				);
				GCC_WARN_64_TO_32_BIT_CONVERSION = YES;
				GCC_WARN_ABOUT_RETURN_TYPE = YES_ERROR;
				GCC_WARN_UNDECLARED_SELECTOR = YES;
				GCC_WARN_UNINITIALIZED_AUTOS = YES_AGGRESSIVE;
				GCC_WARN_UNUSED_FUNCTION = YES;
				GCC_WARN_UNUSED_VARIABLE = YES;
				GENERATE_INFOPLIST_FILE = YES;
				IPHONEOS_DEPLOYMENT_TARGET = 15.5;
				MARKETING_VERSION = 1.0;
				MTL_ENABLE_DEBUG_INFO = INCLUDE_SOURCE;
				MTL_FAST_MATH = YES;
				ONLY_ACTIVE_ARCH = YES;
				PRODUCT_BUNDLE_IDENTIFIER = com.TestSS2i.PortfolioProjectUnitTest;
				PRODUCT_NAME = "$(TARGET_NAME)";
				SDKROOT = iphoneos;
				SWIFT_ACTIVE_COMPILATION_CONDITIONS = DEBUG;
				SWIFT_EMIT_LOC_STRINGS = NO;
				SWIFT_OPTIMIZATION_LEVEL = "-Onone";
				SWIFT_VERSION = 5.0;
				TARGETED_DEVICE_FAMILY = "1,2";
				TEST_HOST = "$(BUILT_PRODUCTS_DIR)/PortfolioProject.app/PortfolioProject";
			};
			name = Dev;
		};
		96F66B73289D7F1A00345118 /* Int */ = {
			isa = XCBuildConfiguration;
			buildSettings = {
				ALWAYS_SEARCH_USER_PATHS = NO;
				BUNDLE_LOADER = "$(TEST_HOST)";
				CLANG_ANALYZER_NONNULL = YES;
				CLANG_ANALYZER_NUMBER_OBJECT_CONVERSION = YES_AGGRESSIVE;
				CLANG_CXX_LANGUAGE_STANDARD = "gnu++17";
				CLANG_ENABLE_MODULES = YES;
				CLANG_ENABLE_OBJC_ARC = YES;
				CLANG_ENABLE_OBJC_WEAK = YES;
				CLANG_WARN_BLOCK_CAPTURE_AUTORELEASING = YES;
				CLANG_WARN_BOOL_CONVERSION = YES;
				CLANG_WARN_COMMA = YES;
				CLANG_WARN_CONSTANT_CONVERSION = YES;
				CLANG_WARN_DEPRECATED_OBJC_IMPLEMENTATIONS = YES;
				CLANG_WARN_DIRECT_OBJC_ISA_USAGE = YES_ERROR;
				CLANG_WARN_DOCUMENTATION_COMMENTS = YES;
				CLANG_WARN_EMPTY_BODY = YES;
				CLANG_WARN_ENUM_CONVERSION = YES;
				CLANG_WARN_INFINITE_RECURSION = YES;
				CLANG_WARN_INT_CONVERSION = YES;
				CLANG_WARN_NON_LITERAL_NULL_CONVERSION = YES;
				CLANG_WARN_OBJC_IMPLICIT_RETAIN_SELF = YES;
				CLANG_WARN_OBJC_LITERAL_CONVERSION = YES;
				CLANG_WARN_OBJC_ROOT_CLASS = YES_ERROR;
				CLANG_WARN_QUOTED_INCLUDE_IN_FRAMEWORK_HEADER = YES;
				CLANG_WARN_RANGE_LOOP_ANALYSIS = YES;
				CLANG_WARN_STRICT_PROTOTYPES = YES;
				CLANG_WARN_SUSPICIOUS_MOVE = YES;
				CLANG_WARN_UNGUARDED_AVAILABILITY = YES_AGGRESSIVE;
				CLANG_WARN_UNREACHABLE_CODE = YES;
				CLANG_WARN__DUPLICATE_METHOD_MATCH = YES;
				CODE_SIGN_STYLE = Automatic;
				COPY_PHASE_STRIP = NO;
				CURRENT_PROJECT_VERSION = 1;
				DEBUG_INFORMATION_FORMAT = "dwarf-with-dsym";
				DEVELOPMENT_TEAM = M5GWR75AFZ;
				ENABLE_NS_ASSERTIONS = NO;
				ENABLE_STRICT_OBJC_MSGSEND = YES;
				GCC_C_LANGUAGE_STANDARD = gnu11;
				GCC_NO_COMMON_BLOCKS = YES;
				GCC_WARN_64_TO_32_BIT_CONVERSION = YES;
				GCC_WARN_ABOUT_RETURN_TYPE = YES_ERROR;
				GCC_WARN_UNDECLARED_SELECTOR = YES;
				GCC_WARN_UNINITIALIZED_AUTOS = YES_AGGRESSIVE;
				GCC_WARN_UNUSED_FUNCTION = YES;
				GCC_WARN_UNUSED_VARIABLE = YES;
				GENERATE_INFOPLIST_FILE = YES;
				IPHONEOS_DEPLOYMENT_TARGET = 15.5;
				MARKETING_VERSION = 1.0;
				MTL_ENABLE_DEBUG_INFO = NO;
				MTL_FAST_MATH = YES;
				PRODUCT_BUNDLE_IDENTIFIER = com.TestSS2i.PortfolioProjectUnitTest;
				PRODUCT_NAME = "$(TARGET_NAME)";
				SDKROOT = iphoneos;
				SWIFT_COMPILATION_MODE = wholemodule;
				SWIFT_EMIT_LOC_STRINGS = NO;
				SWIFT_OPTIMIZATION_LEVEL = "-O";
				SWIFT_VERSION = 5.0;
				TARGETED_DEVICE_FAMILY = "1,2";
				TEST_HOST = "$(BUILT_PRODUCTS_DIR)/PortfolioProject.app/PortfolioProject";
				VALIDATE_PRODUCT = YES;
			};
			name = Int;
		};
		96F66B74289D7F1A00345118 /* Prod */ = {
			isa = XCBuildConfiguration;
			buildSettings = {
				ALWAYS_SEARCH_USER_PATHS = NO;
				BUNDLE_LOADER = "$(TEST_HOST)";
				CLANG_ANALYZER_NONNULL = YES;
				CLANG_ANALYZER_NUMBER_OBJECT_CONVERSION = YES_AGGRESSIVE;
				CLANG_CXX_LANGUAGE_STANDARD = "gnu++17";
				CLANG_ENABLE_MODULES = YES;
				CLANG_ENABLE_OBJC_ARC = YES;
				CLANG_ENABLE_OBJC_WEAK = YES;
				CLANG_WARN_BLOCK_CAPTURE_AUTORELEASING = YES;
				CLANG_WARN_BOOL_CONVERSION = YES;
				CLANG_WARN_COMMA = YES;
				CLANG_WARN_CONSTANT_CONVERSION = YES;
				CLANG_WARN_DEPRECATED_OBJC_IMPLEMENTATIONS = YES;
				CLANG_WARN_DIRECT_OBJC_ISA_USAGE = YES_ERROR;
				CLANG_WARN_DOCUMENTATION_COMMENTS = YES;
				CLANG_WARN_EMPTY_BODY = YES;
				CLANG_WARN_ENUM_CONVERSION = YES;
				CLANG_WARN_INFINITE_RECURSION = YES;
				CLANG_WARN_INT_CONVERSION = YES;
				CLANG_WARN_NON_LITERAL_NULL_CONVERSION = YES;
				CLANG_WARN_OBJC_IMPLICIT_RETAIN_SELF = YES;
				CLANG_WARN_OBJC_LITERAL_CONVERSION = YES;
				CLANG_WARN_OBJC_ROOT_CLASS = YES_ERROR;
				CLANG_WARN_QUOTED_INCLUDE_IN_FRAMEWORK_HEADER = YES;
				CLANG_WARN_RANGE_LOOP_ANALYSIS = YES;
				CLANG_WARN_STRICT_PROTOTYPES = YES;
				CLANG_WARN_SUSPICIOUS_MOVE = YES;
				CLANG_WARN_UNGUARDED_AVAILABILITY = YES_AGGRESSIVE;
				CLANG_WARN_UNREACHABLE_CODE = YES;
				CLANG_WARN__DUPLICATE_METHOD_MATCH = YES;
				CODE_SIGN_STYLE = Automatic;
				COPY_PHASE_STRIP = NO;
				CURRENT_PROJECT_VERSION = 1;
				DEBUG_INFORMATION_FORMAT = "dwarf-with-dsym";
				DEVELOPMENT_TEAM = M5GWR75AFZ;
				ENABLE_NS_ASSERTIONS = NO;
				ENABLE_STRICT_OBJC_MSGSEND = YES;
				GCC_C_LANGUAGE_STANDARD = gnu11;
				GCC_NO_COMMON_BLOCKS = YES;
				GCC_WARN_64_TO_32_BIT_CONVERSION = YES;
				GCC_WARN_ABOUT_RETURN_TYPE = YES_ERROR;
				GCC_WARN_UNDECLARED_SELECTOR = YES;
				GCC_WARN_UNINITIALIZED_AUTOS = YES_AGGRESSIVE;
				GCC_WARN_UNUSED_FUNCTION = YES;
				GCC_WARN_UNUSED_VARIABLE = YES;
				GENERATE_INFOPLIST_FILE = YES;
				IPHONEOS_DEPLOYMENT_TARGET = 15.5;
				MARKETING_VERSION = 1.0;
				MTL_ENABLE_DEBUG_INFO = NO;
				MTL_FAST_MATH = YES;
				PRODUCT_BUNDLE_IDENTIFIER = com.TestSS2i.PortfolioProjectUnitTest;
				PRODUCT_NAME = "$(TARGET_NAME)";
				SDKROOT = iphoneos;
				SWIFT_COMPILATION_MODE = wholemodule;
				SWIFT_EMIT_LOC_STRINGS = NO;
				SWIFT_OPTIMIZATION_LEVEL = "-O";
				SWIFT_VERSION = 5.0;
				TARGETED_DEVICE_FAMILY = "1,2";
				TEST_HOST = "$(BUILT_PRODUCTS_DIR)/PortfolioProject.app/PortfolioProject";
				VALIDATE_PRODUCT = YES;
			};
			name = Prod;
		};
/* End XCBuildConfiguration section */

/* Begin XCConfigurationList section */
		9663A5A2289D130B00E6ED8E /* Build configuration list for PBXProject "PortfolioProject" */ = {
			isa = XCConfigurationList;
			buildConfigurations = (
				96F66B58289D1A7A00345118 /* Dev */,
				96F66B61289D1ABC00345118 /* Int */,
				96F66B5E289D1AA100345118 /* Prod */,
			);
			defaultConfigurationIsVisible = 0;
			defaultConfigurationName = Dev;
		};
		9663A5D4289D130E00E6ED8E /* Build configuration list for PBXNativeTarget "PortfolioProject (iOS)" */ = {
			isa = XCConfigurationList;
			buildConfigurations = (
				96F66B59289D1A7A00345118 /* Dev */,
				96F66B62289D1ABC00345118 /* Int */,
				96F66B5F289D1AA100345118 /* Prod */,
			);
			defaultConfigurationIsVisible = 0;
			defaultConfigurationName = Dev;
		};
		9663A5DA289D130E00E6ED8E /* Build configuration list for PBXNativeTarget "Tests iOS" */ = {
			isa = XCConfigurationList;
			buildConfigurations = (
				96F66B5A289D1A7A00345118 /* Dev */,
				96F66B63289D1ABC00345118 /* Int */,
				96F66B60289D1AA100345118 /* Prod */,
			);
			defaultConfigurationIsVisible = 0;
			defaultConfigurationName = Dev;
		};
		96F66B70289D7F1A00345118 /* Build configuration list for PBXNativeTarget "PortfolioProjectUnitTest" */ = {
			isa = XCConfigurationList;
			buildConfigurations = (
				96F66B71289D7F1A00345118 /* Dev */,
				96F66B73289D7F1A00345118 /* Int */,
				96F66B74289D7F1A00345118 /* Prod */,
			);
			defaultConfigurationIsVisible = 0;
			defaultConfigurationName = Dev;
		};
/* End XCConfigurationList section */

/* Begin XCRemoteSwiftPackageReference section */
		966BB07128A12B370069ECF6 /* XCRemoteSwiftPackageReference "ObjectMapper" */ = {
			isa = XCRemoteSwiftPackageReference;
			repositoryURL = "https://github.com/tristanhimmelman/ObjectMapper.git";
			requirement = {
				kind = upToNextMajorVersion;
				minimumVersion = 4.0.0;
			};
		};
/* End XCRemoteSwiftPackageReference section */

/* Begin XCSwiftPackageProductDependency section */
		966BB07228A12B370069ECF6 /* ObjectMapper */ = {
			isa = XCSwiftPackageProductDependency;
			package = 966BB07128A12B370069ECF6 /* XCRemoteSwiftPackageReference "ObjectMapper" */;
			productName = ObjectMapper;
		};
/* End XCSwiftPackageProductDependency section */
	};
	rootObject = 9663A59F289D130B00E6ED8E /* Project object */;
}
